
Microsoft Visual Studio Solution File, Format Version 12.00
# Visual Studio Version 17
VisualStudioVersion = 17.14.36518.9 d17.14
MinimumVisualStudioVersion = 10.0.40219.1
Project("{FAE04EC0-301F-11D3-BF4B-00C04F79EFBC}") = "CatologService", "CatologService\CatologService.csproj", "{A25B0737-EDF0-4659-AF33-56C38655234B}"
EndProject
Project("{FAE04EC0-301F-11D3-BF4B-00C04F79EFBC}") = "UserService", "UserService\UserService.csproj", "{73415B7E-EBA5-4EED-B940-4E5C2262DDD0}"
EndProject
Global
	GlobalSection(SolutionConfigurationPlatforms) = preSolution
		Debug|Any CPU = Debug|Any CPU
		Release|Any CPU = Release|Any CPU
	EndGlobalSection
	GlobalSection(ProjectConfigurationPlatforms) = postSolution
		{A25B0737-EDF0-4659-AF33-56C38655234B}.Debug|Any CPU.ActiveCfg = Debug|Any CPU
		{A25B0737-EDF0-4659-AF33-56C38655234B}.Debug|Any CPU.Build.0 = Debug|Any CPU
		{A25B0737-EDF0-4659-AF33-56C38655234B}.Release|Any CPU.ActiveCfg = Release|Any CPU
		{A25B0737-EDF0-4659-AF33-56C38655234B}.Release|Any CPU.Build.0 = Release|Any CPU
		{73415B7E-EBA5-4EED-B940-4E5C2262DDD0}.Debug|Any CPU.ActiveCfg = Debug|Any CPU
		{73415B7E-EBA5-4EED-B940-4E5C2262DDD0}.Debug|Any CPU.Build.0 = Debug|Any CPU
		{73415B7E-EBA5-4EED-B940-4E5C2262DDD0}.Release|Any CPU.ActiveCfg = Release|Any CPU
		{73415B7E-EBA5-4EED-B940-4E5C2262DDD0}.Release|Any CPU.Build.0 = Release|Any CPU
	EndGlobalSection
	GlobalSection(SolutionProperties) = preSolution
		HideSolutionNode = FALSE
	EndGlobalSection
	GlobalSection(ExtensibilityGlobals) = postSolution
		SolutionGuid = {30154C2A-03BE-42AE-9B53-CD7BFF840377}
	EndGlobalSection
EndGlobal
